{
  "name": "ofbiz-framework",
  "lockfileVersion": 2,
  "requires": true,
  "packages": {
    "": {
      "name": "ofbiz-framework",
      "license": "Apache-2.0",
      "dependencies": {
        "dompurify": "^2.3.4",
        "flot": "^4.2.2",
        "jquery": "^3.6.0",
        "jquery-migrate": "^3.3.2",
        "jquery-ui-dist": "^1.13.0",
        "jquery-validation": "^1.19.5",
        "jquery.browser": "^0.1.0",
        "trumbowyg": "^2.25.1"
      }
    },
    "node_modules/dompurify": {
      "version": "2.5.6",
      "resolved": "https://registry.npmjs.org/dompurify/-/dompurify-2.5.6.tgz",
      "integrity": "sha512-zUTaUBO8pY4+iJMPE1B9XlO2tXVYIcEA4SNGtvDELzTSCQO7RzH+j7S180BmhmJId78lqGU2z19vgVx2Sxs/PQ=="
    },
    "node_modules/flot": {
      "version": "4.2.6",
      "resolved": "https://registry.npmjs.org/flot/-/flot-4.2.6.tgz",
      "integrity": "sha512-Iz4HCet1ZBQnjGwECz4jseD1zMnh7m2XJIMI6A62l8h2SeceLYOEmYGNQto1XhkSM9fUmqzyKhWwJ+RolWLydg=="
    },
    "node_modules/jquery": {
      "version": "3.7.1",
      "resolved": "https://registry.npmjs.org/jquery/-/jquery-3.7.1.tgz",
      "integrity": "sha512-m4avr8yL8kmFN8psrbFFFmB/If14iN5o9nw/NgnnM+kybDJpRsAynV2BsfpTYrTRysYUdADVD7CkUUizgkpLfg=="
    },
    "node_modules/jquery-migrate": {
      "version": "3.5.2",
      "resolved": "https://registry.npmjs.org/jquery-migrate/-/jquery-migrate-3.5.2.tgz",
      "integrity": "sha512-GGvcVWK3aei2/98r7pA4UkOYvs4xVeCGvquNXADFUp9+Sr6VeOw0ktlQ9z4YlBbEFpsXBlRioAgpH/fLWinj4Q==",
      "peerDependencies": {
        "jquery": ">=3 <4"
      }
    },
    "node_modules/jquery-ui-dist": {
      "version": "1.13.3",
      "resolved": "https://registry.npmjs.org/jquery-ui-dist/-/jquery-ui-dist-1.13.3.tgz",
      "integrity": "sha512-qeTR3SOSQ0jgxaNXSFU6+JtxdzNUSJKgp8LCzVrVKntM25+2YBJW1Ea8B2AwjmmSHfPLy2dSlZxJQN06OfVFhg==",
      "dependencies": {
        "jquery": ">=1.8.0 <4.0.0"
      }
    },
    "node_modules/jquery-validation": {
      "version": "1.21.0",
      "resolved": "https://registry.npmjs.org/jquery-validation/-/jquery-validation-1.21.0.tgz",
      "integrity": "sha512-xNot0rlUIgu7duMcQ5qb6MGkGL/Z1PQaRJQoZAURW9+a/2PGOUxY36o/WyNeP2T9R6jvWB8Z9lUVvvQWI/Zs5w==",
      "peerDependencies": {
        "jquery": "^1.7 || ^2.0 || ^3.1"
      }
    },
    "node_modules/jquery.browser": {
      "version": "0.1.0",
      "resolved": "https://registry.npmjs.org/jquery.browser/-/jquery.browser-0.1.0.tgz",
      "integrity": "sha512-5GjtLzzEBzxs/nwSVpCbSdk0acssfKsP7Upp43zmdHVV1Vb6E9VayyqPAQlfLrTeZL3YSWocCbkOvKdAc2CN4g==",
      "engines": {
        "node": ">= 0.4.0"
      }
    },
    "node_modules/trumbowyg": {
      "version": "2.28.0",
      "resolved": "https://registry.npmjs.org/trumbowyg/-/trumbowyg-2.28.0.tgz",
      "integrity": "sha512-K4KX6psV+hUt03Y3RNdQM5Y+JLfZOUliNnCz5lm12Llfhwvx0P0geBsM0w9ZHeX5g8q7d2MC5X7sPOwGv0Q7Kw==",
      "peerDependencies": {
        "jquery": ">=1.8"
      }
    }
  },
  "dependencies": {
    "dompurify": {
      "version": "2.5.6",
      "resolved": "https://registry.npmjs.org/dompurify/-/dompurify-2.5.6.tgz",
      "integrity": "sha512-zUTaUBO8pY4+iJMPE1B9XlO2tXVYIcEA4SNGtvDELzTSCQO7RzH+j7S180BmhmJId78lqGU2z19vgVx2Sxs/PQ=="
    },
    "flot": {
      "version": "4.2.6",
      "resolved": "https://registry.npmjs.org/flot/-/flot-4.2.6.tgz",
      "integrity": "sha512-Iz4HCet1ZBQnjGwECz4jseD1zMnh7m2XJIMI6A62l8h2SeceLYOEmYGNQto1XhkSM9fUmqzyKhWwJ+RolWLydg=="
    },
    "jquery": {
      "version": "3.7.1",
      "resolved": "https://registry.npmjs.org/jquery/-/jquery-3.7.1.tgz",
      "integrity": "sha512-m4avr8yL8kmFN8psrbFFFmB/If14iN5o9nw/NgnnM+kybDJpRsAynV2BsfpTYrTRysYUdADVD7CkUUizgkpLfg=="
    },
    "jquery-migrate": {
      "version": "3.5.2",
      "resolved": "https://registry.npmjs.org/jquery-migrate/-/jquery-migrate-3.5.2.tgz",
      "integrity": "sha512-GGvcVWK3aei2/98r7pA4UkOYvs4xVeCGvquNXADFUp9+Sr6VeOw0ktlQ9z4YlBbEFpsXBlRioAgpH/fLWinj4Q==",
      "requires": {}
    },
    "jquery-ui-dist": {
      "version": "1.13.3",
      "resolved": "https://registry.npmjs.org/jquery-ui-dist/-/jquery-ui-dist-1.13.3.tgz",
      "integrity": "sha512-qeTR3SOSQ0jgxaNXSFU6+JtxdzNUSJKgp8LCzVrVKntM25+2YBJW1Ea8B2AwjmmSHfPLy2dSlZxJQN06OfVFhg==",
      "requires": {
        "jquery": ">=1.8.0 <4.0.0"
      }
    },
    "jquery-validation": {
      "version": "1.21.0",
      "resolved": "https://registry.npmjs.org/jquery-validation/-/jquery-validation-1.21.0.tgz",
      "integrity": "sha512-xNot0rlUIgu7duMcQ5qb6MGkGL/Z1PQaRJQoZAURW9+a/2PGOUxY36o/WyNeP2T9R6jvWB8Z9lUVvvQWI/Zs5w==",
      "requires": {}
    },
    "jquery.browser": {
      "version": "0.1.0",
      "resolved": "https://registry.npmjs.org/jquery.browser/-/jquery.browser-0.1.0.tgz",
      "integrity": "sha512-5GjtLzzEBzxs/nwSVpCbSdk0acssfKsP7Upp43zmdHVV1Vb6E9VayyqPAQlfLrTeZL3YSWocCbkOvKdAc2CN4g=="
    },
    "trumbowyg": {
      "version": "2.28.0",
      "resolved": "https://registry.npmjs.org/trumbowyg/-/trumbowyg-2.28.0.tgz",
      "integrity": "sha512-K4KX6psV+hUt03Y3RNdQM5Y+JLfZOUliNnCz5lm12Llfhwvx0P0geBsM0w9ZHeX5g8q7d2MC5X7sPOwGv0Q7Kw==",
      "requires": {}
    }
  }
}
